
Microsoft Visual Studio Solution File, Format Version 12.00
# Visual Studio Version 17
VisualStudioVersion = 17.7.34024.191
MinimumVisualStudioVersion = 10.0.40219.1
Project("{FAE04EC0-301F-11D3-BF4B-00C04F79EFBC}") = "MethodAssignment", "MethodAssignment.csproj", "{98CD61E6-5200-4048-996C-1478711E490B}"
EndProject
Global
	GlobalSection(SolutionConfigurationPlatforms) = preSolution
		Debug|Any CPU = Debug|Any CPU
		Release|Any CPU = Release|Any CPU
	EndGlobalSection
	GlobalSection(ProjectConfigurationPlatforms) = postSolution
		{98CD61E6-5200-4048-996C-1478711E490B}.Debug|Any CPU.ActiveCfg = Debug|Any CPU
		{98CD61E6-5200-4048-996C-1478711E490B}.Debug|Any CPU.Build.0 = Debug|Any CPU
		{98CD61E6-5200-4048-996C-1478711E490B}.Release|Any CPU.ActiveCfg = Release|Any CPU
		{98CD61E6-5200-4048-996C-1478711E490B}.Release|Any CPU.Build.0 = Release|Any CPU
	EndGlobalSection
	GlobalSection(SolutionProperties) = preSolution
		HideSolutionNode = FALSE
	EndGlobalSection
	GlobalSection(ExtensibilityGlobals) = postSolution
		SolutionGuid = {EA77223A-42C5-4AD4-B08B-37D5E24E9CC6}
	EndGlobalSection
EndGlobal
